
Microsoft Visual Studio Solution File, Format Version 12.00
# Visual Studio Version 17
VisualStudioVersion = 17.0.31903.59
MinimumVisualStudioVersion = 10.0.40219.1
Project("{FAE04EC0-301F-11D3-BF4B-00C04F79EFBC}") = "ConsoleApp1", "ConsoleApp1\ConsoleApp1.csproj", "{931794E7-D52B-4C54-A805-313A69CEC915}"
EndProject
Project("{FAE04EC0-301F-11D3-BF4B-00C04F79EFBC}") = "01_LogicExercise", "01_LogicExercise\01_LogicExercise.csproj", "{CF9B52B4-6CF7-4E06-A16E-2B3AD852F585}"
EndProject
Project("{FAE04EC0-301F-11D3-BF4B-00C04F79EFBC}") = "CalculatorApp", "CalculatorApp\CalculatorApp.csproj", "{843D9FA9-356A-4532-B057-D50F57B1A953}"
EndProject
Project("{FAE04EC0-301F-11D3-BF4B-00C04F79EFBC}") = "SistemBank", "SistemBank\SistemBank.csproj", "{F8AE0C0A-DCFF-4F7C-9E9D-396116C128E3}"
EndProject
Project("{FAE04EC0-301F-11D3-BF4B-00C04F79EFBC}") = "Encapulation", "Encapulation\Encapulation.csproj", "{AF9FEA70-F77C-4F00-8DD2-0DB2F6126311}"
EndProject
Project("{FAE04EC0-301F-11D3-BF4B-00C04F79EFBC}") = "Inheritance", "Inheritance\Inheritance.csproj", "{8D883882-9050-4675-98A4-6DEB71C061FE}"
EndProject
Project("{FAE04EC0-301F-11D3-BF4B-00C04F79EFBC}") = "Zoo", "Zoo\Zoo.csproj", "{4F0A6182-E139-4DED-B2D5-EA86870329F5}"
EndProject
Project("{FAE04EC0-301F-11D3-BF4B-00C04F79EFBC}") = "Polymorphism", "Polymorphism\Polymorphism.csproj", "{AA8C8F4C-C7B0-4542-BA1A-405860DBFE4D}"
EndProject
Project("{FAE04EC0-301F-11D3-BF4B-00C04F79EFBC}") = "Stack", "Stack\Stack.csproj", "{0BA70EBB-44E7-4C52-B34E-5BF1C105700A}"
EndProject
Project("{FAE04EC0-301F-11D3-BF4B-00C04F79EFBC}") = "Interface", "Interface\Interface.csproj", "{C4021C4C-C3C9-40EF-A92D-B1851D389012}"
EndProject
Project("{FAE04EC0-301F-11D3-BF4B-00C04F79EFBC}") = "StackNonGeneric", "StackNonGeneric\StackNonGeneric.csproj", "{4DC1E797-6E6B-498F-BAF0-E5F223A62408}"
EndProject
Project("{FAE04EC0-301F-11D3-BF4B-00C04F79EFBC}") = "StackUndoRedo", "StackUndoRedo\StackUndoRedo.csproj", "{C16B6D02-D219-4DDA-ABA5-00C29E520CC0}"
EndProject
Project("{FAE04EC0-301F-11D3-BF4B-00C04F79EFBC}") = "Struct", "Struct\Struct.csproj", "{C56651F2-1D2A-449B-AFDA-6F960F168E76}"
EndProject
Project("{FAE04EC0-301F-11D3-BF4B-00C04F79EFBC}") = "GenericMethodSwap", "GenericMethodSwap\GenericMethodSwap.csproj", "{CD1B45D5-FBCB-42B9-900E-CAA2642771C7}"
EndProject
Project("{FAE04EC0-301F-11D3-BF4B-00C04F79EFBC}") = "GenericMethodConstraint", "GenericMethodConstraint\GenericMethodConstraint.csproj", "{F2E8C268-B523-49C4-B3FB-4DB6FCA65EA4}"
EndProject
Project("{FAE04EC0-301F-11D3-BF4B-00C04F79EFBC}") = "InterfaceEnumerator", "InterfaceEnumerator\InterfaceEnumerator.csproj", "{69D9F8D3-780D-4EBE-885E-3E27A1FEC052}"
EndProject
Project("{FAE04EC0-301F-11D3-BF4B-00C04F79EFBC}") = "Delegate", "Delegate\Delegate.csproj", "{C71DC8E3-5D67-49EB-9BE9-D8ED1D9F2A9C}"
EndProject
Project("{FAE04EC0-301F-11D3-BF4B-00C04F79EFBC}") = "DelegatesMulticast", "DelegatesMulticast\DelegatesMulticast.csproj", "{6C6A315B-5B68-47E3-8F78-2A4B67A848B9}"
EndProject
Project("{FAE04EC0-301F-11D3-BF4B-00C04F79EFBC}") = "DelegateMulticast", "DelegateMulticast\DelegateMulticast.csproj", "{53AEAEE9-7F21-418C-A56F-2DEF616BFC96}"
EndProject
Project("{FAE04EC0-301F-11D3-BF4B-00C04F79EFBC}") = "EventHandler", "EventHandler\EventHandler.csproj", "{33AEA791-08E6-45D0-805B-35319B874C7A}"
EndProject
Project("{FAE04EC0-301F-11D3-BF4B-00C04F79EFBC}") = "Enumerable", "Enumerable\Enumerable.csproj", "{B9E23714-1108-4AB9-81D9-5AB77BE0300F}"
EndProject
Project("{FAE04EC0-301F-11D3-BF4B-00C04F79EFBC}") = "SimpleDelegate", "SimpleDelegate\SimpleDelegate.csproj", "{5FCBE549-2677-49CB-9445-753B435F9B38}"
EndProject
Project("{FAE04EC0-301F-11D3-BF4B-00C04F79EFBC}") = "DelegateConcept", "DelegateConcept\DelegateConcept.csproj", "{E6FB44BE-BBE0-42D4-A56B-345BFB019BC8}"
EndProject
Project("{FAE04EC0-301F-11D3-BF4B-00C04F79EFBC}") = "EventHandlerConcept", "EventHandlerConcept\EventHandlerConcept.csproj", "{5EE10BF6-1EDA-4216-9885-A28C1799D5A4}"
EndProject
Project("{FAE04EC0-301F-11D3-BF4B-00C04F79EFBC}") = "EventHandlerConceptSTD", "EventHandlerConceptSTD\EventHandlerConceptSTD.csproj", "{346C4529-5683-489C-99F9-DDEFF5B63BBA}"
EndProject
Project("{FAE04EC0-301F-11D3-BF4B-00C04F79EFBC}") = "Enumeration", "Enumeration\Enumeration.csproj", "{654AA40A-9FD9-4902-8D40-5D8AD78C495A}"
EndProject
Project("{FAE04EC0-301F-11D3-BF4B-00C04F79EFBC}") = "Iterators", "Iterators\Iterators.csproj", "{4D29DEFB-E802-4CC5-9EFD-616C2A31FEB9}"
EndProject
Project("{FAE04EC0-301F-11D3-BF4B-00C04F79EFBC}") = "Nullable", "Nullable\Nullable.csproj", "{C625DE09-797A-4022-B44C-239F7E885428}"
EndProject
Project("{FAE04EC0-301F-11D3-BF4B-00C04F79EFBC}") = "OperatorOverloading", "OperatorOverloading\OperatorOverloading.csproj", "{D57F1774-D1CE-46CF-B0D1-7CA2F6DE244F}"
EndProject
Project("{FAE04EC0-301F-11D3-BF4B-00C04F79EFBC}") = "OperatorOverloadingConcept", "OperatorOverloadingConcept\OperatorOverloadingConcept.csproj", "{7FFD4777-2A49-4980-B2C7-B8C8A6D72CD1}"
EndProject
Project("{FAE04EC0-301F-11D3-BF4B-00C04F79EFBC}") = "Variance", "Variance\Variance.csproj", "{CF2291A0-18C7-44C8-816D-22B751F18290}"
EndProject
Project("{FAE04EC0-301F-11D3-BF4B-00C04F79EFBC}") = "NETStringAndTextHandling", "NETStringAndTextHandling\NETStringAndTextHandling.csproj", "{9429FE7B-D647-45A4-B61E-F28761EF4EB0}"
EndProject
Project("{FAE04EC0-301F-11D3-BF4B-00C04F79EFBC}") = "NETDateAndTimes", "NETDateAndTimes\NETDateAndTimes.csproj", "{3BE8A0D3-25E3-426D-9F65-0A87E1B20ADA}"
EndProject
Project("{FAE04EC0-301F-11D3-BF4B-00C04F79EFBC}") = "NETParsingAndFormatting", "NETParsingAndFormatting\NETParsingAndFormatting.csproj", "{2AEDC46D-827E-4E03-A87F-9D881A7E3156}"
EndProject
Project("{FAE04EC0-301F-11D3-BF4B-00C04F79EFBC}") = "NETUtilityClasses", "NETUtilityClasses\NETUtilityClasses.csproj", "{854D025A-7A7F-44A5-AEC5-709A185127A0}"
EndProject
Project("{FAE04EC0-301F-11D3-BF4B-00C04F79EFBC}") = "CheckerDraft", "CheckerDraft\CheckerDraft.csproj", "{0F61164F-30AF-48B3-A209-3673FFC7EBE3}"
EndProject
Project("{FAE04EC0-301F-11D3-BF4B-00C04F79EFBC}") = "GarbageCollection", "GarbageCollection\GarbageCollection.csproj", "{21895DEF-9A06-4A4A-95BC-04D153506090}"
EndProject
Project("{FAE04EC0-301F-11D3-BF4B-00C04F79EFBC}") = "NETGarbageCollection", "NETGarbageCollection\NETGarbageCollection.csproj", "{BC3E1330-CEDB-4558-8BB2-E2DE4C672B74}"
EndProject
Project("{FAE04EC0-301F-11D3-BF4B-00C04F79EFBC}") = "TryCode", "TryCode\TryCode.csproj", "{408E2459-1164-43A5-BD30-FC5278B4BC8F}"
EndProject
Project("{FAE04EC0-301F-11D3-BF4B-00C04F79EFBC}") = "Finalizer", "Finalizer\Finalizer.csproj", "{430DA956-5A7B-4BF8-B7EC-E7C038942B37}"
EndProject
Project("{FAE04EC0-301F-11D3-BF4B-00C04F79EFBC}") = "NETLeaks", "NETLeaks\NETLeaks.csproj", "{41CC533C-E189-4BCC-BFAB-A460D4E7977F}"
EndProject
Project("{FAE04EC0-301F-11D3-BF4B-00C04F79EFBC}") = "NETMultiThreading", "NETMultiThreading\NETMultiThreading.csproj", "{A0FB0E47-5C93-458C-BEC8-5D2F28C483D2}"
EndProject
Project("{FAE04EC0-301F-11D3-BF4B-00C04F79EFBC}") = "NETThreadPool", "NETThreadPool\NETThreadPool.csproj", "{C7C0EC91-C6F0-4059-B7DA-E95EC7BE8200}"
EndProject
Global
	GlobalSection(SolutionConfigurationPlatforms) = preSolution
		Debug|Any CPU = Debug|Any CPU
		Debug|x64 = Debug|x64
		Debug|x86 = Debug|x86
		Release|Any CPU = Release|Any CPU
		Release|x64 = Release|x64
		Release|x86 = Release|x86
	EndGlobalSection
	GlobalSection(ProjectConfigurationPlatforms) = postSolution
		{931794E7-D52B-4C54-A805-313A69CEC915}.Debug|Any CPU.ActiveCfg = Debug|Any CPU
		{931794E7-D52B-4C54-A805-313A69CEC915}.Debug|Any CPU.Build.0 = Debug|Any CPU
		{931794E7-D52B-4C54-A805-313A69CEC915}.Debug|x64.ActiveCfg = Debug|Any CPU
		{931794E7-D52B-4C54-A805-313A69CEC915}.Debug|x64.Build.0 = Debug|Any CPU
		{931794E7-D52B-4C54-A805-313A69CEC915}.Debug|x86.ActiveCfg = Debug|Any CPU
		{931794E7-D52B-4C54-A805-313A69CEC915}.Debug|x86.Build.0 = Debug|Any CPU
		{931794E7-D52B-4C54-A805-313A69CEC915}.Release|Any CPU.ActiveCfg = Release|Any CPU
		{931794E7-D52B-4C54-A805-313A69CEC915}.Release|Any CPU.Build.0 = Release|Any CPU
		{931794E7-D52B-4C54-A805-313A69CEC915}.Release|x64.ActiveCfg = Release|Any CPU
		{931794E7-D52B-4C54-A805-313A69CEC915}.Release|x64.Build.0 = Release|Any CPU
		{931794E7-D52B-4C54-A805-313A69CEC915}.Release|x86.ActiveCfg = Release|Any CPU
		{931794E7-D52B-4C54-A805-313A69CEC915}.Release|x86.Build.0 = Release|Any CPU
		{CF9B52B4-6CF7-4E06-A16E-2B3AD852F585}.Debug|Any CPU.ActiveCfg = Debug|Any CPU
		{CF9B52B4-6CF7-4E06-A16E-2B3AD852F585}.Debug|Any CPU.Build.0 = Debug|Any CPU
		{CF9B52B4-6CF7-4E06-A16E-2B3AD852F585}.Debug|x64.ActiveCfg = Debug|Any CPU
		{CF9B52B4-6CF7-4E06-A16E-2B3AD852F585}.Debug|x64.Build.0 = Debug|Any CPU
		{CF9B52B4-6CF7-4E06-A16E-2B3AD852F585}.Debug|x86.ActiveCfg = Debug|Any CPU
		{CF9B52B4-6CF7-4E06-A16E-2B3AD852F585}.Debug|x86.Build.0 = Debug|Any CPU
		{CF9B52B4-6CF7-4E06-A16E-2B3AD852F585}.Release|Any CPU.ActiveCfg = Release|Any CPU
		{CF9B52B4-6CF7-4E06-A16E-2B3AD852F585}.Release|Any CPU.Build.0 = Release|Any CPU
		{CF9B52B4-6CF7-4E06-A16E-2B3AD852F585}.Release|x64.ActiveCfg = Release|Any CPU
		{CF9B52B4-6CF7-4E06-A16E-2B3AD852F585}.Release|x64.Build.0 = Release|Any CPU
		{CF9B52B4-6CF7-4E06-A16E-2B3AD852F585}.Release|x86.ActiveCfg = Release|Any CPU
		{CF9B52B4-6CF7-4E06-A16E-2B3AD852F585}.Release|x86.Build.0 = Release|Any CPU
		{843D9FA9-356A-4532-B057-D50F57B1A953}.Debug|Any CPU.ActiveCfg = Debug|Any CPU
		{843D9FA9-356A-4532-B057-D50F57B1A953}.Debug|Any CPU.Build.0 = Debug|Any CPU
		{843D9FA9-356A-4532-B057-D50F57B1A953}.Debug|x64.ActiveCfg = Debug|Any CPU
		{843D9FA9-356A-4532-B057-D50F57B1A953}.Debug|x64.Build.0 = Debug|Any CPU
		{843D9FA9-356A-4532-B057-D50F57B1A953}.Debug|x86.ActiveCfg = Debug|Any CPU
		{843D9FA9-356A-4532-B057-D50F57B1A953}.Debug|x86.Build.0 = Debug|Any CPU
		{843D9FA9-356A-4532-B057-D50F57B1A953}.Release|Any CPU.ActiveCfg = Release|Any CPU
		{843D9FA9-356A-4532-B057-D50F57B1A953}.Release|Any CPU.Build.0 = Release|Any CPU
		{843D9FA9-356A-4532-B057-D50F57B1A953}.Release|x64.ActiveCfg = Release|Any CPU
		{843D9FA9-356A-4532-B057-D50F57B1A953}.Release|x64.Build.0 = Release|Any CPU
		{843D9FA9-356A-4532-B057-D50F57B1A953}.Release|x86.ActiveCfg = Release|Any CPU
		{843D9FA9-356A-4532-B057-D50F57B1A953}.Release|x86.Build.0 = Release|Any CPU
		{F8AE0C0A-DCFF-4F7C-9E9D-396116C128E3}.Debug|Any CPU.ActiveCfg = Debug|Any CPU
		{F8AE0C0A-DCFF-4F7C-9E9D-396116C128E3}.Debug|Any CPU.Build.0 = Debug|Any CPU
		{F8AE0C0A-DCFF-4F7C-9E9D-396116C128E3}.Debug|x64.ActiveCfg = Debug|Any CPU
		{F8AE0C0A-DCFF-4F7C-9E9D-396116C128E3}.Debug|x64.Build.0 = Debug|Any CPU
		{F8AE0C0A-DCFF-4F7C-9E9D-396116C128E3}.Debug|x86.ActiveCfg = Debug|Any CPU
		{F8AE0C0A-DCFF-4F7C-9E9D-396116C128E3}.Debug|x86.Build.0 = Debug|Any CPU
		{F8AE0C0A-DCFF-4F7C-9E9D-396116C128E3}.Release|Any CPU.ActiveCfg = Release|Any CPU
		{F8AE0C0A-DCFF-4F7C-9E9D-396116C128E3}.Release|Any CPU.Build.0 = Release|Any CPU
		{F8AE0C0A-DCFF-4F7C-9E9D-396116C128E3}.Release|x64.ActiveCfg = Release|Any CPU
		{F8AE0C0A-DCFF-4F7C-9E9D-396116C128E3}.Release|x64.Build.0 = Release|Any CPU
		{F8AE0C0A-DCFF-4F7C-9E9D-396116C128E3}.Release|x86.ActiveCfg = Release|Any CPU
		{F8AE0C0A-DCFF-4F7C-9E9D-396116C128E3}.Release|x86.Build.0 = Release|Any CPU
		{AF9FEA70-F77C-4F00-8DD2-0DB2F6126311}.Debug|Any CPU.ActiveCfg = Debug|Any CPU
		{AF9FEA70-F77C-4F00-8DD2-0DB2F6126311}.Debug|Any CPU.Build.0 = Debug|Any CPU
		{AF9FEA70-F77C-4F00-8DD2-0DB2F6126311}.Debug|x64.ActiveCfg = Debug|Any CPU
		{AF9FEA70-F77C-4F00-8DD2-0DB2F6126311}.Debug|x64.Build.0 = Debug|Any CPU
		{AF9FEA70-F77C-4F00-8DD2-0DB2F6126311}.Debug|x86.ActiveCfg = Debug|Any CPU
		{AF9FEA70-F77C-4F00-8DD2-0DB2F6126311}.Debug|x86.Build.0 = Debug|Any CPU
		{AF9FEA70-F77C-4F00-8DD2-0DB2F6126311}.Release|Any CPU.ActiveCfg = Release|Any CPU
		{AF9FEA70-F77C-4F00-8DD2-0DB2F6126311}.Release|Any CPU.Build.0 = Release|Any CPU
		{AF9FEA70-F77C-4F00-8DD2-0DB2F6126311}.Release|x64.ActiveCfg = Release|Any CPU
		{AF9FEA70-F77C-4F00-8DD2-0DB2F6126311}.Release|x64.Build.0 = Release|Any CPU
		{AF9FEA70-F77C-4F00-8DD2-0DB2F6126311}.Release|x86.ActiveCfg = Release|Any CPU
		{AF9FEA70-F77C-4F00-8DD2-0DB2F6126311}.Release|x86.Build.0 = Release|Any CPU
		{8D883882-9050-4675-98A4-6DEB71C061FE}.Debug|Any CPU.ActiveCfg = Debug|Any CPU
		{8D883882-9050-4675-98A4-6DEB71C061FE}.Debug|Any CPU.Build.0 = Debug|Any CPU
		{8D883882-9050-4675-98A4-6DEB71C061FE}.Debug|x64.ActiveCfg = Debug|Any CPU
		{8D883882-9050-4675-98A4-6DEB71C061FE}.Debug|x64.Build.0 = Debug|Any CPU
		{8D883882-9050-4675-98A4-6DEB71C061FE}.Debug|x86.ActiveCfg = Debug|Any CPU
		{8D883882-9050-4675-98A4-6DEB71C061FE}.Debug|x86.Build.0 = Debug|Any CPU
		{8D883882-9050-4675-98A4-6DEB71C061FE}.Release|Any CPU.ActiveCfg = Release|Any CPU
		{8D883882-9050-4675-98A4-6DEB71C061FE}.Release|Any CPU.Build.0 = Release|Any CPU
		{8D883882-9050-4675-98A4-6DEB71C061FE}.Release|x64.ActiveCfg = Release|Any CPU
		{8D883882-9050-4675-98A4-6DEB71C061FE}.Release|x64.Build.0 = Release|Any CPU
		{8D883882-9050-4675-98A4-6DEB71C061FE}.Release|x86.ActiveCfg = Release|Any CPU
		{8D883882-9050-4675-98A4-6DEB71C061FE}.Release|x86.Build.0 = Release|Any CPU
		{4F0A6182-E139-4DED-B2D5-EA86870329F5}.Debug|Any CPU.ActiveCfg = Debug|Any CPU
		{4F0A6182-E139-4DED-B2D5-EA86870329F5}.Debug|Any CPU.Build.0 = Debug|Any CPU
		{4F0A6182-E139-4DED-B2D5-EA86870329F5}.Debug|x64.ActiveCfg = Debug|Any CPU
		{4F0A6182-E139-4DED-B2D5-EA86870329F5}.Debug|x64.Build.0 = Debug|Any CPU
		{4F0A6182-E139-4DED-B2D5-EA86870329F5}.Debug|x86.ActiveCfg = Debug|Any CPU
		{4F0A6182-E139-4DED-B2D5-EA86870329F5}.Debug|x86.Build.0 = Debug|Any CPU
		{4F0A6182-E139-4DED-B2D5-EA86870329F5}.Release|Any CPU.ActiveCfg = Release|Any CPU
		{4F0A6182-E139-4DED-B2D5-EA86870329F5}.Release|Any CPU.Build.0 = Release|Any CPU
		{4F0A6182-E139-4DED-B2D5-EA86870329F5}.Release|x64.ActiveCfg = Release|Any CPU
		{4F0A6182-E139-4DED-B2D5-EA86870329F5}.Release|x64.Build.0 = Release|Any CPU
		{4F0A6182-E139-4DED-B2D5-EA86870329F5}.Release|x86.ActiveCfg = Release|Any CPU
		{4F0A6182-E139-4DED-B2D5-EA86870329F5}.Release|x86.Build.0 = Release|Any CPU
		{AA8C8F4C-C7B0-4542-BA1A-405860DBFE4D}.Debug|Any CPU.ActiveCfg = Debug|Any CPU
		{AA8C8F4C-C7B0-4542-BA1A-405860DBFE4D}.Debug|Any CPU.Build.0 = Debug|Any CPU
		{AA8C8F4C-C7B0-4542-BA1A-405860DBFE4D}.Debug|x64.ActiveCfg = Debug|Any CPU
		{AA8C8F4C-C7B0-4542-BA1A-405860DBFE4D}.Debug|x64.Build.0 = Debug|Any CPU
		{AA8C8F4C-C7B0-4542-BA1A-405860DBFE4D}.Debug|x86.ActiveCfg = Debug|Any CPU
		{AA8C8F4C-C7B0-4542-BA1A-405860DBFE4D}.Debug|x86.Build.0 = Debug|Any CPU
		{AA8C8F4C-C7B0-4542-BA1A-405860DBFE4D}.Release|Any CPU.ActiveCfg = Release|Any CPU
		{AA8C8F4C-C7B0-4542-BA1A-405860DBFE4D}.Release|Any CPU.Build.0 = Release|Any CPU
		{AA8C8F4C-C7B0-4542-BA1A-405860DBFE4D}.Release|x64.ActiveCfg = Release|Any CPU
		{AA8C8F4C-C7B0-4542-BA1A-405860DBFE4D}.Release|x64.Build.0 = Release|Any CPU
		{AA8C8F4C-C7B0-4542-BA1A-405860DBFE4D}.Release|x86.ActiveCfg = Release|Any CPU
		{AA8C8F4C-C7B0-4542-BA1A-405860DBFE4D}.Release|x86.Build.0 = Release|Any CPU
		{0BA70EBB-44E7-4C52-B34E-5BF1C105700A}.Debug|Any CPU.ActiveCfg = Debug|Any CPU
		{0BA70EBB-44E7-4C52-B34E-5BF1C105700A}.Debug|Any CPU.Build.0 = Debug|Any CPU
		{0BA70EBB-44E7-4C52-B34E-5BF1C105700A}.Debug|x64.ActiveCfg = Debug|Any CPU
		{0BA70EBB-44E7-4C52-B34E-5BF1C105700A}.Debug|x64.Build.0 = Debug|Any CPU
		{0BA70EBB-44E7-4C52-B34E-5BF1C105700A}.Debug|x86.ActiveCfg = Debug|Any CPU
		{0BA70EBB-44E7-4C52-B34E-5BF1C105700A}.Debug|x86.Build.0 = Debug|Any CPU
		{0BA70EBB-44E7-4C52-B34E-5BF1C105700A}.Release|Any CPU.ActiveCfg = Release|Any CPU
		{0BA70EBB-44E7-4C52-B34E-5BF1C105700A}.Release|Any CPU.Build.0 = Release|Any CPU
		{0BA70EBB-44E7-4C52-B34E-5BF1C105700A}.Release|x64.ActiveCfg = Release|Any CPU
		{0BA70EBB-44E7-4C52-B34E-5BF1C105700A}.Release|x64.Build.0 = Release|Any CPU
		{0BA70EBB-44E7-4C52-B34E-5BF1C105700A}.Release|x86.ActiveCfg = Release|Any CPU
		{0BA70EBB-44E7-4C52-B34E-5BF1C105700A}.Release|x86.Build.0 = Release|Any CPU
		{C4021C4C-C3C9-40EF-A92D-B1851D389012}.Debug|Any CPU.ActiveCfg = Debug|Any CPU
		{C4021C4C-C3C9-40EF-A92D-B1851D389012}.Debug|Any CPU.Build.0 = Debug|Any CPU
		{C4021C4C-C3C9-40EF-A92D-B1851D389012}.Debug|x64.ActiveCfg = Debug|Any CPU
		{C4021C4C-C3C9-40EF-A92D-B1851D389012}.Debug|x64.Build.0 = Debug|Any CPU
		{C4021C4C-C3C9-40EF-A92D-B1851D389012}.Debug|x86.ActiveCfg = Debug|Any CPU
		{C4021C4C-C3C9-40EF-A92D-B1851D389012}.Debug|x86.Build.0 = Debug|Any CPU
		{C4021C4C-C3C9-40EF-A92D-B1851D389012}.Release|Any CPU.ActiveCfg = Release|Any CPU
		{C4021C4C-C3C9-40EF-A92D-B1851D389012}.Release|Any CPU.Build.0 = Release|Any CPU
		{C4021C4C-C3C9-40EF-A92D-B1851D389012}.Release|x64.ActiveCfg = Release|Any CPU
		{C4021C4C-C3C9-40EF-A92D-B1851D389012}.Release|x64.Build.0 = Release|Any CPU
		{C4021C4C-C3C9-40EF-A92D-B1851D389012}.Release|x86.ActiveCfg = Release|Any CPU
		{C4021C4C-C3C9-40EF-A92D-B1851D389012}.Release|x86.Build.0 = Release|Any CPU
		{4DC1E797-6E6B-498F-BAF0-E5F223A62408}.Debug|Any CPU.ActiveCfg = Debug|Any CPU
		{4DC1E797-6E6B-498F-BAF0-E5F223A62408}.Debug|Any CPU.Build.0 = Debug|Any CPU
		{4DC1E797-6E6B-498F-BAF0-E5F223A62408}.Debug|x64.ActiveCfg = Debug|Any CPU
		{4DC1E797-6E6B-498F-BAF0-E5F223A62408}.Debug|x64.Build.0 = Debug|Any CPU
		{4DC1E797-6E6B-498F-BAF0-E5F223A62408}.Debug|x86.ActiveCfg = Debug|Any CPU
		{4DC1E797-6E6B-498F-BAF0-E5F223A62408}.Debug|x86.Build.0 = Debug|Any CPU
		{4DC1E797-6E6B-498F-BAF0-E5F223A62408}.Release|Any CPU.ActiveCfg = Release|Any CPU
		{4DC1E797-6E6B-498F-BAF0-E5F223A62408}.Release|Any CPU.Build.0 = Release|Any CPU
		{4DC1E797-6E6B-498F-BAF0-E5F223A62408}.Release|x64.ActiveCfg = Release|Any CPU
		{4DC1E797-6E6B-498F-BAF0-E5F223A62408}.Release|x64.Build.0 = Release|Any CPU
		{4DC1E797-6E6B-498F-BAF0-E5F223A62408}.Release|x86.ActiveCfg = Release|Any CPU
		{4DC1E797-6E6B-498F-BAF0-E5F223A62408}.Release|x86.Build.0 = Release|Any CPU
		{C16B6D02-D219-4DDA-ABA5-00C29E520CC0}.Debug|Any CPU.ActiveCfg = Debug|Any CPU
		{C16B6D02-D219-4DDA-ABA5-00C29E520CC0}.Debug|Any CPU.Build.0 = Debug|Any CPU
		{C16B6D02-D219-4DDA-ABA5-00C29E520CC0}.Debug|x64.ActiveCfg = Debug|Any CPU
		{C16B6D02-D219-4DDA-ABA5-00C29E520CC0}.Debug|x64.Build.0 = Debug|Any CPU
		{C16B6D02-D219-4DDA-ABA5-00C29E520CC0}.Debug|x86.ActiveCfg = Debug|Any CPU
		{C16B6D02-D219-4DDA-ABA5-00C29E520CC0}.Debug|x86.Build.0 = Debug|Any CPU
		{C16B6D02-D219-4DDA-ABA5-00C29E520CC0}.Release|Any CPU.ActiveCfg = Release|Any CPU
		{C16B6D02-D219-4DDA-ABA5-00C29E520CC0}.Release|Any CPU.Build.0 = Release|Any CPU
		{C16B6D02-D219-4DDA-ABA5-00C29E520CC0}.Release|x64.ActiveCfg = Release|Any CPU
		{C16B6D02-D219-4DDA-ABA5-00C29E520CC0}.Release|x64.Build.0 = Release|Any CPU
		{C16B6D02-D219-4DDA-ABA5-00C29E520CC0}.Release|x86.ActiveCfg = Release|Any CPU
		{C16B6D02-D219-4DDA-ABA5-00C29E520CC0}.Release|x86.Build.0 = Release|Any CPU
		{C56651F2-1D2A-449B-AFDA-6F960F168E76}.Debug|Any CPU.ActiveCfg = Debug|Any CPU
		{C56651F2-1D2A-449B-AFDA-6F960F168E76}.Debug|Any CPU.Build.0 = Debug|Any CPU
		{C56651F2-1D2A-449B-AFDA-6F960F168E76}.Debug|x64.ActiveCfg = Debug|Any CPU
		{C56651F2-1D2A-449B-AFDA-6F960F168E76}.Debug|x64.Build.0 = Debug|Any CPU
		{C56651F2-1D2A-449B-AFDA-6F960F168E76}.Debug|x86.ActiveCfg = Debug|Any CPU
		{C56651F2-1D2A-449B-AFDA-6F960F168E76}.Debug|x86.Build.0 = Debug|Any CPU
		{C56651F2-1D2A-449B-AFDA-6F960F168E76}.Release|Any CPU.ActiveCfg = Release|Any CPU
		{C56651F2-1D2A-449B-AFDA-6F960F168E76}.Release|Any CPU.Build.0 = Release|Any CPU
		{C56651F2-1D2A-449B-AFDA-6F960F168E76}.Release|x64.ActiveCfg = Release|Any CPU
		{C56651F2-1D2A-449B-AFDA-6F960F168E76}.Release|x64.Build.0 = Release|Any CPU
		{C56651F2-1D2A-449B-AFDA-6F960F168E76}.Release|x86.ActiveCfg = Release|Any CPU
		{C56651F2-1D2A-449B-AFDA-6F960F168E76}.Release|x86.Build.0 = Release|Any CPU
		{CD1B45D5-FBCB-42B9-900E-CAA2642771C7}.Debug|Any CPU.ActiveCfg = Debug|Any CPU
		{CD1B45D5-FBCB-42B9-900E-CAA2642771C7}.Debug|Any CPU.Build.0 = Debug|Any CPU
		{CD1B45D5-FBCB-42B9-900E-CAA2642771C7}.Debug|x64.ActiveCfg = Debug|Any CPU
		{CD1B45D5-FBCB-42B9-900E-CAA2642771C7}.Debug|x64.Build.0 = Debug|Any CPU
		{CD1B45D5-FBCB-42B9-900E-CAA2642771C7}.Debug|x86.ActiveCfg = Debug|Any CPU
		{CD1B45D5-FBCB-42B9-900E-CAA2642771C7}.Debug|x86.Build.0 = Debug|Any CPU
		{CD1B45D5-FBCB-42B9-900E-CAA2642771C7}.Release|Any CPU.ActiveCfg = Release|Any CPU
		{CD1B45D5-FBCB-42B9-900E-CAA2642771C7}.Release|Any CPU.Build.0 = Release|Any CPU
		{CD1B45D5-FBCB-42B9-900E-CAA2642771C7}.Release|x64.ActiveCfg = Release|Any CPU
		{CD1B45D5-FBCB-42B9-900E-CAA2642771C7}.Release|x64.Build.0 = Release|Any CPU
		{CD1B45D5-FBCB-42B9-900E-CAA2642771C7}.Release|x86.ActiveCfg = Release|Any CPU
		{CD1B45D5-FBCB-42B9-900E-CAA2642771C7}.Release|x86.Build.0 = Release|Any CPU
		{F2E8C268-B523-49C4-B3FB-4DB6FCA65EA4}.Debug|Any CPU.ActiveCfg = Debug|Any CPU
		{F2E8C268-B523-49C4-B3FB-4DB6FCA65EA4}.Debug|Any CPU.Build.0 = Debug|Any CPU
		{F2E8C268-B523-49C4-B3FB-4DB6FCA65EA4}.Debug|x64.ActiveCfg = Debug|Any CPU
		{F2E8C268-B523-49C4-B3FB-4DB6FCA65EA4}.Debug|x64.Build.0 = Debug|Any CPU
		{F2E8C268-B523-49C4-B3FB-4DB6FCA65EA4}.Debug|x86.ActiveCfg = Debug|Any CPU
		{F2E8C268-B523-49C4-B3FB-4DB6FCA65EA4}.Debug|x86.Build.0 = Debug|Any CPU
		{F2E8C268-B523-49C4-B3FB-4DB6FCA65EA4}.Release|Any CPU.ActiveCfg = Release|Any CPU
		{F2E8C268-B523-49C4-B3FB-4DB6FCA65EA4}.Release|Any CPU.Build.0 = Release|Any CPU
		{F2E8C268-B523-49C4-B3FB-4DB6FCA65EA4}.Release|x64.ActiveCfg = Release|Any CPU
		{F2E8C268-B523-49C4-B3FB-4DB6FCA65EA4}.Release|x64.Build.0 = Release|Any CPU
		{F2E8C268-B523-49C4-B3FB-4DB6FCA65EA4}.Release|x86.ActiveCfg = Release|Any CPU
		{F2E8C268-B523-49C4-B3FB-4DB6FCA65EA4}.Release|x86.Build.0 = Release|Any CPU
		{69D9F8D3-780D-4EBE-885E-3E27A1FEC052}.Debug|Any CPU.ActiveCfg = Debug|Any CPU
		{69D9F8D3-780D-4EBE-885E-3E27A1FEC052}.Debug|Any CPU.Build.0 = Debug|Any CPU
		{69D9F8D3-780D-4EBE-885E-3E27A1FEC052}.Debug|x64.ActiveCfg = Debug|Any CPU
		{69D9F8D3-780D-4EBE-885E-3E27A1FEC052}.Debug|x64.Build.0 = Debug|Any CPU
		{69D9F8D3-780D-4EBE-885E-3E27A1FEC052}.Debug|x86.ActiveCfg = Debug|Any CPU
		{69D9F8D3-780D-4EBE-885E-3E27A1FEC052}.Debug|x86.Build.0 = Debug|Any CPU
		{69D9F8D3-780D-4EBE-885E-3E27A1FEC052}.Release|Any CPU.ActiveCfg = Release|Any CPU
		{69D9F8D3-780D-4EBE-885E-3E27A1FEC052}.Release|Any CPU.Build.0 = Release|Any CPU
		{69D9F8D3-780D-4EBE-885E-3E27A1FEC052}.Release|x64.ActiveCfg = Release|Any CPU
		{69D9F8D3-780D-4EBE-885E-3E27A1FEC052}.Release|x64.Build.0 = Release|Any CPU
		{69D9F8D3-780D-4EBE-885E-3E27A1FEC052}.Release|x86.ActiveCfg = Release|Any CPU
		{69D9F8D3-780D-4EBE-885E-3E27A1FEC052}.Release|x86.Build.0 = Release|Any CPU
		{C71DC8E3-5D67-49EB-9BE9-D8ED1D9F2A9C}.Debug|Any CPU.ActiveCfg = Debug|Any CPU
		{C71DC8E3-5D67-49EB-9BE9-D8ED1D9F2A9C}.Debug|Any CPU.Build.0 = Debug|Any CPU
		{C71DC8E3-5D67-49EB-9BE9-D8ED1D9F2A9C}.Debug|x64.ActiveCfg = Debug|Any CPU
		{C71DC8E3-5D67-49EB-9BE9-D8ED1D9F2A9C}.Debug|x64.Build.0 = Debug|Any CPU
		{C71DC8E3-5D67-49EB-9BE9-D8ED1D9F2A9C}.Debug|x86.ActiveCfg = Debug|Any CPU
		{C71DC8E3-5D67-49EB-9BE9-D8ED1D9F2A9C}.Debug|x86.Build.0 = Debug|Any CPU
		{C71DC8E3-5D67-49EB-9BE9-D8ED1D9F2A9C}.Release|Any CPU.ActiveCfg = Release|Any CPU
		{C71DC8E3-5D67-49EB-9BE9-D8ED1D9F2A9C}.Release|Any CPU.Build.0 = Release|Any CPU
		{C71DC8E3-5D67-49EB-9BE9-D8ED1D9F2A9C}.Release|x64.ActiveCfg = Release|Any CPU
		{C71DC8E3-5D67-49EB-9BE9-D8ED1D9F2A9C}.Release|x64.Build.0 = Release|Any CPU
		{C71DC8E3-5D67-49EB-9BE9-D8ED1D9F2A9C}.Release|x86.ActiveCfg = Release|Any CPU
		{C71DC8E3-5D67-49EB-9BE9-D8ED1D9F2A9C}.Release|x86.Build.0 = Release|Any CPU
		{6C6A315B-5B68-47E3-8F78-2A4B67A848B9}.Debug|Any CPU.ActiveCfg = Debug|Any CPU
		{6C6A315B-5B68-47E3-8F78-2A4B67A848B9}.Debug|Any CPU.Build.0 = Debug|Any CPU
		{6C6A315B-5B68-47E3-8F78-2A4B67A848B9}.Debug|x64.ActiveCfg = Debug|Any CPU
		{6C6A315B-5B68-47E3-8F78-2A4B67A848B9}.Debug|x64.Build.0 = Debug|Any CPU
		{6C6A315B-5B68-47E3-8F78-2A4B67A848B9}.Debug|x86.ActiveCfg = Debug|Any CPU
		{6C6A315B-5B68-47E3-8F78-2A4B67A848B9}.Debug|x86.Build.0 = Debug|Any CPU
		{6C6A315B-5B68-47E3-8F78-2A4B67A848B9}.Release|Any CPU.ActiveCfg = Release|Any CPU
		{6C6A315B-5B68-47E3-8F78-2A4B67A848B9}.Release|Any CPU.Build.0 = Release|Any CPU
		{6C6A315B-5B68-47E3-8F78-2A4B67A848B9}.Release|x64.ActiveCfg = Release|Any CPU
		{6C6A315B-5B68-47E3-8F78-2A4B67A848B9}.Release|x64.Build.0 = Release|Any CPU
		{6C6A315B-5B68-47E3-8F78-2A4B67A848B9}.Release|x86.ActiveCfg = Release|Any CPU
		{6C6A315B-5B68-47E3-8F78-2A4B67A848B9}.Release|x86.Build.0 = Release|Any CPU
		{53AEAEE9-7F21-418C-A56F-2DEF616BFC96}.Debug|Any CPU.ActiveCfg = Debug|Any CPU
		{53AEAEE9-7F21-418C-A56F-2DEF616BFC96}.Debug|Any CPU.Build.0 = Debug|Any CPU
		{53AEAEE9-7F21-418C-A56F-2DEF616BFC96}.Debug|x64.ActiveCfg = Debug|Any CPU
		{53AEAEE9-7F21-418C-A56F-2DEF616BFC96}.Debug|x64.Build.0 = Debug|Any CPU
		{53AEAEE9-7F21-418C-A56F-2DEF616BFC96}.Debug|x86.ActiveCfg = Debug|Any CPU
		{53AEAEE9-7F21-418C-A56F-2DEF616BFC96}.Debug|x86.Build.0 = Debug|Any CPU
		{53AEAEE9-7F21-418C-A56F-2DEF616BFC96}.Release|Any CPU.ActiveCfg = Release|Any CPU
		{53AEAEE9-7F21-418C-A56F-2DEF616BFC96}.Release|Any CPU.Build.0 = Release|Any CPU
		{53AEAEE9-7F21-418C-A56F-2DEF616BFC96}.Release|x64.ActiveCfg = Release|Any CPU
		{53AEAEE9-7F21-418C-A56F-2DEF616BFC96}.Release|x64.Build.0 = Release|Any CPU
		{53AEAEE9-7F21-418C-A56F-2DEF616BFC96}.Release|x86.ActiveCfg = Release|Any CPU
		{53AEAEE9-7F21-418C-A56F-2DEF616BFC96}.Release|x86.Build.0 = Release|Any CPU
		{33AEA791-08E6-45D0-805B-35319B874C7A}.Debug|Any CPU.ActiveCfg = Debug|Any CPU
		{33AEA791-08E6-45D0-805B-35319B874C7A}.Debug|Any CPU.Build.0 = Debug|Any CPU
		{33AEA791-08E6-45D0-805B-35319B874C7A}.Debug|x64.ActiveCfg = Debug|Any CPU
		{33AEA791-08E6-45D0-805B-35319B874C7A}.Debug|x64.Build.0 = Debug|Any CPU
		{33AEA791-08E6-45D0-805B-35319B874C7A}.Debug|x86.ActiveCfg = Debug|Any CPU
		{33AEA791-08E6-45D0-805B-35319B874C7A}.Debug|x86.Build.0 = Debug|Any CPU
		{33AEA791-08E6-45D0-805B-35319B874C7A}.Release|Any CPU.ActiveCfg = Release|Any CPU
		{33AEA791-08E6-45D0-805B-35319B874C7A}.Release|Any CPU.Build.0 = Release|Any CPU
		{33AEA791-08E6-45D0-805B-35319B874C7A}.Release|x64.ActiveCfg = Release|Any CPU
		{33AEA791-08E6-45D0-805B-35319B874C7A}.Release|x64.Build.0 = Release|Any CPU
		{33AEA791-08E6-45D0-805B-35319B874C7A}.Release|x86.ActiveCfg = Release|Any CPU
		{33AEA791-08E6-45D0-805B-35319B874C7A}.Release|x86.Build.0 = Release|Any CPU
		{B9E23714-1108-4AB9-81D9-5AB77BE0300F}.Debug|Any CPU.ActiveCfg = Debug|Any CPU
		{B9E23714-1108-4AB9-81D9-5AB77BE0300F}.Debug|Any CPU.Build.0 = Debug|Any CPU
		{B9E23714-1108-4AB9-81D9-5AB77BE0300F}.Debug|x64.ActiveCfg = Debug|Any CPU
		{B9E23714-1108-4AB9-81D9-5AB77BE0300F}.Debug|x64.Build.0 = Debug|Any CPU
		{B9E23714-1108-4AB9-81D9-5AB77BE0300F}.Debug|x86.ActiveCfg = Debug|Any CPU
		{B9E23714-1108-4AB9-81D9-5AB77BE0300F}.Debug|x86.Build.0 = Debug|Any CPU
		{B9E23714-1108-4AB9-81D9-5AB77BE0300F}.Release|Any CPU.ActiveCfg = Release|Any CPU
		{B9E23714-1108-4AB9-81D9-5AB77BE0300F}.Release|Any CPU.Build.0 = Release|Any CPU
		{B9E23714-1108-4AB9-81D9-5AB77BE0300F}.Release|x64.ActiveCfg = Release|Any CPU
		{B9E23714-1108-4AB9-81D9-5AB77BE0300F}.Release|x64.Build.0 = Release|Any CPU
		{B9E23714-1108-4AB9-81D9-5AB77BE0300F}.Release|x86.ActiveCfg = Release|Any CPU
		{B9E23714-1108-4AB9-81D9-5AB77BE0300F}.Release|x86.Build.0 = Release|Any CPU
		{5FCBE549-2677-49CB-9445-753B435F9B38}.Debug|Any CPU.ActiveCfg = Debug|Any CPU
		{5FCBE549-2677-49CB-9445-753B435F9B38}.Debug|Any CPU.Build.0 = Debug|Any CPU
		{5FCBE549-2677-49CB-9445-753B435F9B38}.Debug|x64.ActiveCfg = Debug|Any CPU
		{5FCBE549-2677-49CB-9445-753B435F9B38}.Debug|x64.Build.0 = Debug|Any CPU
		{5FCBE549-2677-49CB-9445-753B435F9B38}.Debug|x86.ActiveCfg = Debug|Any CPU
		{5FCBE549-2677-49CB-9445-753B435F9B38}.Debug|x86.Build.0 = Debug|Any CPU
		{5FCBE549-2677-49CB-9445-753B435F9B38}.Release|Any CPU.ActiveCfg = Release|Any CPU
		{5FCBE549-2677-49CB-9445-753B435F9B38}.Release|Any CPU.Build.0 = Release|Any CPU
		{5FCBE549-2677-49CB-9445-753B435F9B38}.Release|x64.ActiveCfg = Release|Any CPU
		{5FCBE549-2677-49CB-9445-753B435F9B38}.Release|x64.Build.0 = Release|Any CPU
		{5FCBE549-2677-49CB-9445-753B435F9B38}.Release|x86.ActiveCfg = Release|Any CPU
		{5FCBE549-2677-49CB-9445-753B435F9B38}.Release|x86.Build.0 = Release|Any CPU
		{E6FB44BE-BBE0-42D4-A56B-345BFB019BC8}.Debug|Any CPU.ActiveCfg = Debug|Any CPU
		{E6FB44BE-BBE0-42D4-A56B-345BFB019BC8}.Debug|Any CPU.Build.0 = Debug|Any CPU
		{E6FB44BE-BBE0-42D4-A56B-345BFB019BC8}.Debug|x64.ActiveCfg = Debug|Any CPU
		{E6FB44BE-BBE0-42D4-A56B-345BFB019BC8}.Debug|x64.Build.0 = Debug|Any CPU
		{E6FB44BE-BBE0-42D4-A56B-345BFB019BC8}.Debug|x86.ActiveCfg = Debug|Any CPU
		{E6FB44BE-BBE0-42D4-A56B-345BFB019BC8}.Debug|x86.Build.0 = Debug|Any CPU
		{E6FB44BE-BBE0-42D4-A56B-345BFB019BC8}.Release|Any CPU.ActiveCfg = Release|Any CPU
		{E6FB44BE-BBE0-42D4-A56B-345BFB019BC8}.Release|Any CPU.Build.0 = Release|Any CPU
		{E6FB44BE-BBE0-42D4-A56B-345BFB019BC8}.Release|x64.ActiveCfg = Release|Any CPU
		{E6FB44BE-BBE0-42D4-A56B-345BFB019BC8}.Release|x64.Build.0 = Release|Any CPU
		{E6FB44BE-BBE0-42D4-A56B-345BFB019BC8}.Release|x86.ActiveCfg = Release|Any CPU
		{E6FB44BE-BBE0-42D4-A56B-345BFB019BC8}.Release|x86.Build.0 = Release|Any CPU
		{5EE10BF6-1EDA-4216-9885-A28C1799D5A4}.Debug|Any CPU.ActiveCfg = Debug|Any CPU
		{5EE10BF6-1EDA-4216-9885-A28C1799D5A4}.Debug|Any CPU.Build.0 = Debug|Any CPU
		{5EE10BF6-1EDA-4216-9885-A28C1799D5A4}.Debug|x64.ActiveCfg = Debug|Any CPU
		{5EE10BF6-1EDA-4216-9885-A28C1799D5A4}.Debug|x64.Build.0 = Debug|Any CPU
		{5EE10BF6-1EDA-4216-9885-A28C1799D5A4}.Debug|x86.ActiveCfg = Debug|Any CPU
		{5EE10BF6-1EDA-4216-9885-A28C1799D5A4}.Debug|x86.Build.0 = Debug|Any CPU
		{5EE10BF6-1EDA-4216-9885-A28C1799D5A4}.Release|Any CPU.ActiveCfg = Release|Any CPU
		{5EE10BF6-1EDA-4216-9885-A28C1799D5A4}.Release|Any CPU.Build.0 = Release|Any CPU
		{5EE10BF6-1EDA-4216-9885-A28C1799D5A4}.Release|x64.ActiveCfg = Release|Any CPU
		{5EE10BF6-1EDA-4216-9885-A28C1799D5A4}.Release|x64.Build.0 = Release|Any CPU
		{5EE10BF6-1EDA-4216-9885-A28C1799D5A4}.Release|x86.ActiveCfg = Release|Any CPU
		{5EE10BF6-1EDA-4216-9885-A28C1799D5A4}.Release|x86.Build.0 = Release|Any CPU
		{346C4529-5683-489C-99F9-DDEFF5B63BBA}.Debug|Any CPU.ActiveCfg = Debug|Any CPU
		{346C4529-5683-489C-99F9-DDEFF5B63BBA}.Debug|Any CPU.Build.0 = Debug|Any CPU
		{346C4529-5683-489C-99F9-DDEFF5B63BBA}.Debug|x64.ActiveCfg = Debug|Any CPU
		{346C4529-5683-489C-99F9-DDEFF5B63BBA}.Debug|x64.Build.0 = Debug|Any CPU
		{346C4529-5683-489C-99F9-DDEFF5B63BBA}.Debug|x86.ActiveCfg = Debug|Any CPU
		{346C4529-5683-489C-99F9-DDEFF5B63BBA}.Debug|x86.Build.0 = Debug|Any CPU
		{346C4529-5683-489C-99F9-DDEFF5B63BBA}.Release|Any CPU.ActiveCfg = Release|Any CPU
		{346C4529-5683-489C-99F9-DDEFF5B63BBA}.Release|Any CPU.Build.0 = Release|Any CPU
		{346C4529-5683-489C-99F9-DDEFF5B63BBA}.Release|x64.ActiveCfg = Release|Any CPU
		{346C4529-5683-489C-99F9-DDEFF5B63BBA}.Release|x64.Build.0 = Release|Any CPU
		{346C4529-5683-489C-99F9-DDEFF5B63BBA}.Release|x86.ActiveCfg = Release|Any CPU
		{346C4529-5683-489C-99F9-DDEFF5B63BBA}.Release|x86.Build.0 = Release|Any CPU
		{654AA40A-9FD9-4902-8D40-5D8AD78C495A}.Debug|Any CPU.ActiveCfg = Debug|Any CPU
		{654AA40A-9FD9-4902-8D40-5D8AD78C495A}.Debug|Any CPU.Build.0 = Debug|Any CPU
		{654AA40A-9FD9-4902-8D40-5D8AD78C495A}.Debug|x64.ActiveCfg = Debug|Any CPU
		{654AA40A-9FD9-4902-8D40-5D8AD78C495A}.Debug|x64.Build.0 = Debug|Any CPU
		{654AA40A-9FD9-4902-8D40-5D8AD78C495A}.Debug|x86.ActiveCfg = Debug|Any CPU
		{654AA40A-9FD9-4902-8D40-5D8AD78C495A}.Debug|x86.Build.0 = Debug|Any CPU
		{654AA40A-9FD9-4902-8D40-5D8AD78C495A}.Release|Any CPU.ActiveCfg = Release|Any CPU
		{654AA40A-9FD9-4902-8D40-5D8AD78C495A}.Release|Any CPU.Build.0 = Release|Any CPU
		{654AA40A-9FD9-4902-8D40-5D8AD78C495A}.Release|x64.ActiveCfg = Release|Any CPU
		{654AA40A-9FD9-4902-8D40-5D8AD78C495A}.Release|x64.Build.0 = Release|Any CPU
		{654AA40A-9FD9-4902-8D40-5D8AD78C495A}.Release|x86.ActiveCfg = Release|Any CPU
		{654AA40A-9FD9-4902-8D40-5D8AD78C495A}.Release|x86.Build.0 = Release|Any CPU
		{4D29DEFB-E802-4CC5-9EFD-616C2A31FEB9}.Debug|Any CPU.ActiveCfg = Debug|Any CPU
		{4D29DEFB-E802-4CC5-9EFD-616C2A31FEB9}.Debug|Any CPU.Build.0 = Debug|Any CPU
		{4D29DEFB-E802-4CC5-9EFD-616C2A31FEB9}.Debug|x64.ActiveCfg = Debug|Any CPU
		{4D29DEFB-E802-4CC5-9EFD-616C2A31FEB9}.Debug|x64.Build.0 = Debug|Any CPU
		{4D29DEFB-E802-4CC5-9EFD-616C2A31FEB9}.Debug|x86.ActiveCfg = Debug|Any CPU
		{4D29DEFB-E802-4CC5-9EFD-616C2A31FEB9}.Debug|x86.Build.0 = Debug|Any CPU
		{4D29DEFB-E802-4CC5-9EFD-616C2A31FEB9}.Release|Any CPU.ActiveCfg = Release|Any CPU
		{4D29DEFB-E802-4CC5-9EFD-616C2A31FEB9}.Release|Any CPU.Build.0 = Release|Any CPU
		{4D29DEFB-E802-4CC5-9EFD-616C2A31FEB9}.Release|x64.ActiveCfg = Release|Any CPU
		{4D29DEFB-E802-4CC5-9EFD-616C2A31FEB9}.Release|x64.Build.0 = Release|Any CPU
		{4D29DEFB-E802-4CC5-9EFD-616C2A31FEB9}.Release|x86.ActiveCfg = Release|Any CPU
		{4D29DEFB-E802-4CC5-9EFD-616C2A31FEB9}.Release|x86.Build.0 = Release|Any CPU
		{C625DE09-797A-4022-B44C-239F7E885428}.Debug|Any CPU.ActiveCfg = Debug|Any CPU
		{C625DE09-797A-4022-B44C-239F7E885428}.Debug|Any CPU.Build.0 = Debug|Any CPU
		{C625DE09-797A-4022-B44C-239F7E885428}.Debug|x64.ActiveCfg = Debug|Any CPU
		{C625DE09-797A-4022-B44C-239F7E885428}.Debug|x64.Build.0 = Debug|Any CPU
		{C625DE09-797A-4022-B44C-239F7E885428}.Debug|x86.ActiveCfg = Debug|Any CPU
		{C625DE09-797A-4022-B44C-239F7E885428}.Debug|x86.Build.0 = Debug|Any CPU
		{C625DE09-797A-4022-B44C-239F7E885428}.Release|Any CPU.ActiveCfg = Release|Any CPU
		{C625DE09-797A-4022-B44C-239F7E885428}.Release|Any CPU.Build.0 = Release|Any CPU
		{C625DE09-797A-4022-B44C-239F7E885428}.Release|x64.ActiveCfg = Release|Any CPU
		{C625DE09-797A-4022-B44C-239F7E885428}.Release|x64.Build.0 = Release|Any CPU
		{C625DE09-797A-4022-B44C-239F7E885428}.Release|x86.ActiveCfg = Release|Any CPU
		{C625DE09-797A-4022-B44C-239F7E885428}.Release|x86.Build.0 = Release|Any CPU
		{D57F1774-D1CE-46CF-B0D1-7CA2F6DE244F}.Debug|Any CPU.ActiveCfg = Debug|Any CPU
		{D57F1774-D1CE-46CF-B0D1-7CA2F6DE244F}.Debug|Any CPU.Build.0 = Debug|Any CPU
		{D57F1774-D1CE-46CF-B0D1-7CA2F6DE244F}.Debug|x64.ActiveCfg = Debug|Any CPU
		{D57F1774-D1CE-46CF-B0D1-7CA2F6DE244F}.Debug|x64.Build.0 = Debug|Any CPU
		{D57F1774-D1CE-46CF-B0D1-7CA2F6DE244F}.Debug|x86.ActiveCfg = Debug|Any CPU
		{D57F1774-D1CE-46CF-B0D1-7CA2F6DE244F}.Debug|x86.Build.0 = Debug|Any CPU
		{D57F1774-D1CE-46CF-B0D1-7CA2F6DE244F}.Release|Any CPU.ActiveCfg = Release|Any CPU
		{D57F1774-D1CE-46CF-B0D1-7CA2F6DE244F}.Release|Any CPU.Build.0 = Release|Any CPU
		{D57F1774-D1CE-46CF-B0D1-7CA2F6DE244F}.Release|x64.ActiveCfg = Release|Any CPU
		{D57F1774-D1CE-46CF-B0D1-7CA2F6DE244F}.Release|x64.Build.0 = Release|Any CPU
		{D57F1774-D1CE-46CF-B0D1-7CA2F6DE244F}.Release|x86.ActiveCfg = Release|Any CPU
		{D57F1774-D1CE-46CF-B0D1-7CA2F6DE244F}.Release|x86.Build.0 = Release|Any CPU
		{7FFD4777-2A49-4980-B2C7-B8C8A6D72CD1}.Debug|Any CPU.ActiveCfg = Debug|Any CPU
		{7FFD4777-2A49-4980-B2C7-B8C8A6D72CD1}.Debug|Any CPU.Build.0 = Debug|Any CPU
		{7FFD4777-2A49-4980-B2C7-B8C8A6D72CD1}.Debug|x64.ActiveCfg = Debug|Any CPU
		{7FFD4777-2A49-4980-B2C7-B8C8A6D72CD1}.Debug|x64.Build.0 = Debug|Any CPU
		{7FFD4777-2A49-4980-B2C7-B8C8A6D72CD1}.Debug|x86.ActiveCfg = Debug|Any CPU
		{7FFD4777-2A49-4980-B2C7-B8C8A6D72CD1}.Debug|x86.Build.0 = Debug|Any CPU
		{7FFD4777-2A49-4980-B2C7-B8C8A6D72CD1}.Release|Any CPU.ActiveCfg = Release|Any CPU
		{7FFD4777-2A49-4980-B2C7-B8C8A6D72CD1}.Release|Any CPU.Build.0 = Release|Any CPU
		{7FFD4777-2A49-4980-B2C7-B8C8A6D72CD1}.Release|x64.ActiveCfg = Release|Any CPU
		{7FFD4777-2A49-4980-B2C7-B8C8A6D72CD1}.Release|x64.Build.0 = Release|Any CPU
		{7FFD4777-2A49-4980-B2C7-B8C8A6D72CD1}.Release|x86.ActiveCfg = Release|Any CPU
		{7FFD4777-2A49-4980-B2C7-B8C8A6D72CD1}.Release|x86.Build.0 = Release|Any CPU
		{CF2291A0-18C7-44C8-816D-22B751F18290}.Debug|Any CPU.ActiveCfg = Debug|Any CPU
		{CF2291A0-18C7-44C8-816D-22B751F18290}.Debug|Any CPU.Build.0 = Debug|Any CPU
		{CF2291A0-18C7-44C8-816D-22B751F18290}.Debug|x64.ActiveCfg = Debug|Any CPU
		{CF2291A0-18C7-44C8-816D-22B751F18290}.Debug|x64.Build.0 = Debug|Any CPU
		{CF2291A0-18C7-44C8-816D-22B751F18290}.Debug|x86.ActiveCfg = Debug|Any CPU
		{CF2291A0-18C7-44C8-816D-22B751F18290}.Debug|x86.Build.0 = Debug|Any CPU
		{CF2291A0-18C7-44C8-816D-22B751F18290}.Release|Any CPU.ActiveCfg = Release|Any CPU
		{CF2291A0-18C7-44C8-816D-22B751F18290}.Release|Any CPU.Build.0 = Release|Any CPU
		{CF2291A0-18C7-44C8-816D-22B751F18290}.Release|x64.ActiveCfg = Release|Any CPU
		{CF2291A0-18C7-44C8-816D-22B751F18290}.Release|x64.Build.0 = Release|Any CPU
		{CF2291A0-18C7-44C8-816D-22B751F18290}.Release|x86.ActiveCfg = Release|Any CPU
		{CF2291A0-18C7-44C8-816D-22B751F18290}.Release|x86.Build.0 = Release|Any CPU
		{9429FE7B-D647-45A4-B61E-F28761EF4EB0}.Debug|Any CPU.ActiveCfg = Debug|Any CPU
		{9429FE7B-D647-45A4-B61E-F28761EF4EB0}.Debug|Any CPU.Build.0 = Debug|Any CPU
		{9429FE7B-D647-45A4-B61E-F28761EF4EB0}.Debug|x64.ActiveCfg = Debug|Any CPU
		{9429FE7B-D647-45A4-B61E-F28761EF4EB0}.Debug|x64.Build.0 = Debug|Any CPU
		{9429FE7B-D647-45A4-B61E-F28761EF4EB0}.Debug|x86.ActiveCfg = Debug|Any CPU
		{9429FE7B-D647-45A4-B61E-F28761EF4EB0}.Debug|x86.Build.0 = Debug|Any CPU
		{9429FE7B-D647-45A4-B61E-F28761EF4EB0}.Release|Any CPU.ActiveCfg = Release|Any CPU
		{9429FE7B-D647-45A4-B61E-F28761EF4EB0}.Release|Any CPU.Build.0 = Release|Any CPU
		{9429FE7B-D647-45A4-B61E-F28761EF4EB0}.Release|x64.ActiveCfg = Release|Any CPU
		{9429FE7B-D647-45A4-B61E-F28761EF4EB0}.Release|x64.Build.0 = Release|Any CPU
		{9429FE7B-D647-45A4-B61E-F28761EF4EB0}.Release|x86.ActiveCfg = Release|Any CPU
		{9429FE7B-D647-45A4-B61E-F28761EF4EB0}.Release|x86.Build.0 = Release|Any CPU
		{3BE8A0D3-25E3-426D-9F65-0A87E1B20ADA}.Debug|Any CPU.ActiveCfg = Debug|Any CPU
		{3BE8A0D3-25E3-426D-9F65-0A87E1B20ADA}.Debug|Any CPU.Build.0 = Debug|Any CPU
		{3BE8A0D3-25E3-426D-9F65-0A87E1B20ADA}.Debug|x64.ActiveCfg = Debug|Any CPU
		{3BE8A0D3-25E3-426D-9F65-0A87E1B20ADA}.Debug|x64.Build.0 = Debug|Any CPU
		{3BE8A0D3-25E3-426D-9F65-0A87E1B20ADA}.Debug|x86.ActiveCfg = Debug|Any CPU
		{3BE8A0D3-25E3-426D-9F65-0A87E1B20ADA}.Debug|x86.Build.0 = Debug|Any CPU
		{3BE8A0D3-25E3-426D-9F65-0A87E1B20ADA}.Release|Any CPU.ActiveCfg = Release|Any CPU
		{3BE8A0D3-25E3-426D-9F65-0A87E1B20ADA}.Release|Any CPU.Build.0 = Release|Any CPU
		{3BE8A0D3-25E3-426D-9F65-0A87E1B20ADA}.Release|x64.ActiveCfg = Release|Any CPU
		{3BE8A0D3-25E3-426D-9F65-0A87E1B20ADA}.Release|x64.Build.0 = Release|Any CPU
		{3BE8A0D3-25E3-426D-9F65-0A87E1B20ADA}.Release|x86.ActiveCfg = Release|Any CPU
		{3BE8A0D3-25E3-426D-9F65-0A87E1B20ADA}.Release|x86.Build.0 = Release|Any CPU
		{2AEDC46D-827E-4E03-A87F-9D881A7E3156}.Debug|Any CPU.ActiveCfg = Debug|Any CPU
		{2AEDC46D-827E-4E03-A87F-9D881A7E3156}.Debug|Any CPU.Build.0 = Debug|Any CPU
		{2AEDC46D-827E-4E03-A87F-9D881A7E3156}.Debug|x64.ActiveCfg = Debug|Any CPU
		{2AEDC46D-827E-4E03-A87F-9D881A7E3156}.Debug|x64.Build.0 = Debug|Any CPU
		{2AEDC46D-827E-4E03-A87F-9D881A7E3156}.Debug|x86.ActiveCfg = Debug|Any CPU
		{2AEDC46D-827E-4E03-A87F-9D881A7E3156}.Debug|x86.Build.0 = Debug|Any CPU
		{2AEDC46D-827E-4E03-A87F-9D881A7E3156}.Release|Any CPU.ActiveCfg = Release|Any CPU
		{2AEDC46D-827E-4E03-A87F-9D881A7E3156}.Release|Any CPU.Build.0 = Release|Any CPU
		{2AEDC46D-827E-4E03-A87F-9D881A7E3156}.Release|x64.ActiveCfg = Release|Any CPU
		{2AEDC46D-827E-4E03-A87F-9D881A7E3156}.Release|x64.Build.0 = Release|Any CPU
		{2AEDC46D-827E-4E03-A87F-9D881A7E3156}.Release|x86.ActiveCfg = Release|Any CPU
		{2AEDC46D-827E-4E03-A87F-9D881A7E3156}.Release|x86.Build.0 = Release|Any CPU
		{854D025A-7A7F-44A5-AEC5-709A185127A0}.Debug|Any CPU.ActiveCfg = Debug|Any CPU
		{854D025A-7A7F-44A5-AEC5-709A185127A0}.Debug|Any CPU.Build.0 = Debug|Any CPU
		{854D025A-7A7F-44A5-AEC5-709A185127A0}.Debug|x64.ActiveCfg = Debug|Any CPU
		{854D025A-7A7F-44A5-AEC5-709A185127A0}.Debug|x64.Build.0 = Debug|Any CPU
		{854D025A-7A7F-44A5-AEC5-709A185127A0}.Debug|x86.ActiveCfg = Debug|Any CPU
		{854D025A-7A7F-44A5-AEC5-709A185127A0}.Debug|x86.Build.0 = Debug|Any CPU
		{854D025A-7A7F-44A5-AEC5-709A185127A0}.Release|Any CPU.ActiveCfg = Release|Any CPU
		{854D025A-7A7F-44A5-AEC5-709A185127A0}.Release|Any CPU.Build.0 = Release|Any CPU
		{854D025A-7A7F-44A5-AEC5-709A185127A0}.Release|x64.ActiveCfg = Release|Any CPU
		{854D025A-7A7F-44A5-AEC5-709A185127A0}.Release|x64.Build.0 = Release|Any CPU
		{854D025A-7A7F-44A5-AEC5-709A185127A0}.Release|x86.ActiveCfg = Release|Any CPU
		{854D025A-7A7F-44A5-AEC5-709A185127A0}.Release|x86.Build.0 = Release|Any CPU
		{0F61164F-30AF-48B3-A209-3673FFC7EBE3}.Debug|Any CPU.ActiveCfg = Debug|Any CPU
		{0F61164F-30AF-48B3-A209-3673FFC7EBE3}.Debug|Any CPU.Build.0 = Debug|Any CPU
		{0F61164F-30AF-48B3-A209-3673FFC7EBE3}.Debug|x64.ActiveCfg = Debug|Any CPU
		{0F61164F-30AF-48B3-A209-3673FFC7EBE3}.Debug|x64.Build.0 = Debug|Any CPU
		{0F61164F-30AF-48B3-A209-3673FFC7EBE3}.Debug|x86.ActiveCfg = Debug|Any CPU
		{0F61164F-30AF-48B3-A209-3673FFC7EBE3}.Debug|x86.Build.0 = Debug|Any CPU
		{0F61164F-30AF-48B3-A209-3673FFC7EBE3}.Release|Any CPU.ActiveCfg = Release|Any CPU
		{0F61164F-30AF-48B3-A209-3673FFC7EBE3}.Release|Any CPU.Build.0 = Release|Any CPU
		{0F61164F-30AF-48B3-A209-3673FFC7EBE3}.Release|x64.ActiveCfg = Release|Any CPU
		{0F61164F-30AF-48B3-A209-3673FFC7EBE3}.Release|x64.Build.0 = Release|Any CPU
		{0F61164F-30AF-48B3-A209-3673FFC7EBE3}.Release|x86.ActiveCfg = Release|Any CPU
		{0F61164F-30AF-48B3-A209-3673FFC7EBE3}.Release|x86.Build.0 = Release|Any CPU
		{21895DEF-9A06-4A4A-95BC-04D153506090}.Debug|Any CPU.ActiveCfg = Debug|Any CPU
		{21895DEF-9A06-4A4A-95BC-04D153506090}.Debug|Any CPU.Build.0 = Debug|Any CPU
		{21895DEF-9A06-4A4A-95BC-04D153506090}.Debug|x64.ActiveCfg = Debug|Any CPU
		{21895DEF-9A06-4A4A-95BC-04D153506090}.Debug|x64.Build.0 = Debug|Any CPU
		{21895DEF-9A06-4A4A-95BC-04D153506090}.Debug|x86.ActiveCfg = Debug|Any CPU
		{21895DEF-9A06-4A4A-95BC-04D153506090}.Debug|x86.Build.0 = Debug|Any CPU
		{21895DEF-9A06-4A4A-95BC-04D153506090}.Release|Any CPU.ActiveCfg = Release|Any CPU
		{21895DEF-9A06-4A4A-95BC-04D153506090}.Release|Any CPU.Build.0 = Release|Any CPU
		{21895DEF-9A06-4A4A-95BC-04D153506090}.Release|x64.ActiveCfg = Release|Any CPU
		{21895DEF-9A06-4A4A-95BC-04D153506090}.Release|x64.Build.0 = Release|Any CPU
		{21895DEF-9A06-4A4A-95BC-04D153506090}.Release|x86.ActiveCfg = Release|Any CPU
		{21895DEF-9A06-4A4A-95BC-04D153506090}.Release|x86.Build.0 = Release|Any CPU
		{BC3E1330-CEDB-4558-8BB2-E2DE4C672B74}.Debug|Any CPU.ActiveCfg = Debug|Any CPU
		{BC3E1330-CEDB-4558-8BB2-E2DE4C672B74}.Debug|Any CPU.Build.0 = Debug|Any CPU
		{BC3E1330-CEDB-4558-8BB2-E2DE4C672B74}.Debug|x64.ActiveCfg = Debug|Any CPU
		{BC3E1330-CEDB-4558-8BB2-E2DE4C672B74}.Debug|x64.Build.0 = Debug|Any CPU
		{BC3E1330-CEDB-4558-8BB2-E2DE4C672B74}.Debug|x86.ActiveCfg = Debug|Any CPU
		{BC3E1330-CEDB-4558-8BB2-E2DE4C672B74}.Debug|x86.Build.0 = Debug|Any CPU
		{BC3E1330-CEDB-4558-8BB2-E2DE4C672B74}.Release|Any CPU.ActiveCfg = Release|Any CPU
		{BC3E1330-CEDB-4558-8BB2-E2DE4C672B74}.Release|Any CPU.Build.0 = Release|Any CPU
		{BC3E1330-CEDB-4558-8BB2-E2DE4C672B74}.Release|x64.ActiveCfg = Release|Any CPU
		{BC3E1330-CEDB-4558-8BB2-E2DE4C672B74}.Release|x64.Build.0 = Release|Any CPU
		{BC3E1330-CEDB-4558-8BB2-E2DE4C672B74}.Release|x86.ActiveCfg = Release|Any CPU
		{BC3E1330-CEDB-4558-8BB2-E2DE4C672B74}.Release|x86.Build.0 = Release|Any CPU
		{408E2459-1164-43A5-BD30-FC5278B4BC8F}.Debug|Any CPU.ActiveCfg = Debug|Any CPU
		{408E2459-1164-43A5-BD30-FC5278B4BC8F}.Debug|Any CPU.Build.0 = Debug|Any CPU
		{408E2459-1164-43A5-BD30-FC5278B4BC8F}.Debug|x64.ActiveCfg = Debug|Any CPU
		{408E2459-1164-43A5-BD30-FC5278B4BC8F}.Debug|x64.Build.0 = Debug|Any CPU
		{408E2459-1164-43A5-BD30-FC5278B4BC8F}.Debug|x86.ActiveCfg = Debug|Any CPU
		{408E2459-1164-43A5-BD30-FC5278B4BC8F}.Debug|x86.Build.0 = Debug|Any CPU
		{408E2459-1164-43A5-BD30-FC5278B4BC8F}.Release|Any CPU.ActiveCfg = Release|Any CPU
		{408E2459-1164-43A5-BD30-FC5278B4BC8F}.Release|Any CPU.Build.0 = Release|Any CPU
		{408E2459-1164-43A5-BD30-FC5278B4BC8F}.Release|x64.ActiveCfg = Release|Any CPU
		{408E2459-1164-43A5-BD30-FC5278B4BC8F}.Release|x64.Build.0 = Release|Any CPU
		{408E2459-1164-43A5-BD30-FC5278B4BC8F}.Release|x86.ActiveCfg = Release|Any CPU
		{408E2459-1164-43A5-BD30-FC5278B4BC8F}.Release|x86.Build.0 = Release|Any CPU
		{430DA956-5A7B-4BF8-B7EC-E7C038942B37}.Debug|Any CPU.ActiveCfg = Debug|Any CPU
		{430DA956-5A7B-4BF8-B7EC-E7C038942B37}.Debug|Any CPU.Build.0 = Debug|Any CPU
		{430DA956-5A7B-4BF8-B7EC-E7C038942B37}.Debug|x64.ActiveCfg = Debug|Any CPU
		{430DA956-5A7B-4BF8-B7EC-E7C038942B37}.Debug|x64.Build.0 = Debug|Any CPU
		{430DA956-5A7B-4BF8-B7EC-E7C038942B37}.Debug|x86.ActiveCfg = Debug|Any CPU
		{430DA956-5A7B-4BF8-B7EC-E7C038942B37}.Debug|x86.Build.0 = Debug|Any CPU
		{430DA956-5A7B-4BF8-B7EC-E7C038942B37}.Release|Any CPU.ActiveCfg = Release|Any CPU
		{430DA956-5A7B-4BF8-B7EC-E7C038942B37}.Release|Any CPU.Build.0 = Release|Any CPU
		{430DA956-5A7B-4BF8-B7EC-E7C038942B37}.Release|x64.ActiveCfg = Release|Any CPU
		{430DA956-5A7B-4BF8-B7EC-E7C038942B37}.Release|x64.Build.0 = Release|Any CPU
		{430DA956-5A7B-4BF8-B7EC-E7C038942B37}.Release|x86.ActiveCfg = Release|Any CPU
		{430DA956-5A7B-4BF8-B7EC-E7C038942B37}.Release|x86.Build.0 = Release|Any CPU
		{41CC533C-E189-4BCC-BFAB-A460D4E7977F}.Debug|Any CPU.ActiveCfg = Debug|Any CPU
		{41CC533C-E189-4BCC-BFAB-A460D4E7977F}.Debug|Any CPU.Build.0 = Debug|Any CPU
		{41CC533C-E189-4BCC-BFAB-A460D4E7977F}.Debug|x64.ActiveCfg = Debug|Any CPU
		{41CC533C-E189-4BCC-BFAB-A460D4E7977F}.Debug|x64.Build.0 = Debug|Any CPU
		{41CC533C-E189-4BCC-BFAB-A460D4E7977F}.Debug|x86.ActiveCfg = Debug|Any CPU
		{41CC533C-E189-4BCC-BFAB-A460D4E7977F}.Debug|x86.Build.0 = Debug|Any CPU
		{41CC533C-E189-4BCC-BFAB-A460D4E7977F}.Release|Any CPU.ActiveCfg = Release|Any CPU
		{41CC533C-E189-4BCC-BFAB-A460D4E7977F}.Release|Any CPU.Build.0 = Release|Any CPU
		{41CC533C-E189-4BCC-BFAB-A460D4E7977F}.Release|x64.ActiveCfg = Release|Any CPU
		{41CC533C-E189-4BCC-BFAB-A460D4E7977F}.Release|x64.Build.0 = Release|Any CPU
		{41CC533C-E189-4BCC-BFAB-A460D4E7977F}.Release|x86.ActiveCfg = Release|Any CPU
		{41CC533C-E189-4BCC-BFAB-A460D4E7977F}.Release|x86.Build.0 = Release|Any CPU
		{A0FB0E47-5C93-458C-BEC8-5D2F28C483D2}.Debug|Any CPU.ActiveCfg = Debug|Any CPU
		{A0FB0E47-5C93-458C-BEC8-5D2F28C483D2}.Debug|Any CPU.Build.0 = Debug|Any CPU
		{A0FB0E47-5C93-458C-BEC8-5D2F28C483D2}.Debug|x64.ActiveCfg = Debug|Any CPU
		{A0FB0E47-5C93-458C-BEC8-5D2F28C483D2}.Debug|x64.Build.0 = Debug|Any CPU
		{A0FB0E47-5C93-458C-BEC8-5D2F28C483D2}.Debug|x86.ActiveCfg = Debug|Any CPU
		{A0FB0E47-5C93-458C-BEC8-5D2F28C483D2}.Debug|x86.Build.0 = Debug|Any CPU
		{A0FB0E47-5C93-458C-BEC8-5D2F28C483D2}.Release|Any CPU.ActiveCfg = Release|Any CPU
		{A0FB0E47-5C93-458C-BEC8-5D2F28C483D2}.Release|Any CPU.Build.0 = Release|Any CPU
		{A0FB0E47-5C93-458C-BEC8-5D2F28C483D2}.Release|x64.ActiveCfg = Release|Any CPU
		{A0FB0E47-5C93-458C-BEC8-5D2F28C483D2}.Release|x64.Build.0 = Release|Any CPU
		{A0FB0E47-5C93-458C-BEC8-5D2F28C483D2}.Release|x86.ActiveCfg = Release|Any CPU
		{A0FB0E47-5C93-458C-BEC8-5D2F28C483D2}.Release|x86.Build.0 = Release|Any CPU
		{C7C0EC91-C6F0-4059-B7DA-E95EC7BE8200}.Debug|Any CPU.ActiveCfg = Debug|Any CPU
		{C7C0EC91-C6F0-4059-B7DA-E95EC7BE8200}.Debug|Any CPU.Build.0 = Debug|Any CPU
		{C7C0EC91-C6F0-4059-B7DA-E95EC7BE8200}.Debug|x64.ActiveCfg = Debug|Any CPU
		{C7C0EC91-C6F0-4059-B7DA-E95EC7BE8200}.Debug|x64.Build.0 = Debug|Any CPU
		{C7C0EC91-C6F0-4059-B7DA-E95EC7BE8200}.Debug|x86.ActiveCfg = Debug|Any CPU
		{C7C0EC91-C6F0-4059-B7DA-E95EC7BE8200}.Debug|x86.Build.0 = Debug|Any CPU
		{C7C0EC91-C6F0-4059-B7DA-E95EC7BE8200}.Release|Any CPU.ActiveCfg = Release|Any CPU
		{C7C0EC91-C6F0-4059-B7DA-E95EC7BE8200}.Release|Any CPU.Build.0 = Release|Any CPU
		{C7C0EC91-C6F0-4059-B7DA-E95EC7BE8200}.Release|x64.ActiveCfg = Release|Any CPU
		{C7C0EC91-C6F0-4059-B7DA-E95EC7BE8200}.Release|x64.Build.0 = Release|Any CPU
		{C7C0EC91-C6F0-4059-B7DA-E95EC7BE8200}.Release|x86.ActiveCfg = Release|Any CPU
		{C7C0EC91-C6F0-4059-B7DA-E95EC7BE8200}.Release|x86.Build.0 = Release|Any CPU
	EndGlobalSection
	GlobalSection(SolutionProperties) = preSolution
		HideSolutionNode = FALSE
	EndGlobalSection
EndGlobal
