
Microsoft Visual Studio Solution File, Format Version 12.00
# Visual Studio Version 17
VisualStudioVersion = 17.0.31903.59
MinimumVisualStudioVersion = 10.0.40219.1
Project("{FAE04EC0-301F-11D3-BF4B-00C04F79EFBC}") = "ConsoleApp1", "ConsoleApp1\ConsoleApp1.csproj", "{931794E7-D52B-4C54-A805-313A69CEC915}"
EndProject
Project("{FAE04EC0-301F-11D3-BF4B-00C04F79EFBC}") = "01_LogicExercise", "01_LogicExercise\01_LogicExercise.csproj", "{CF9B52B4-6CF7-4E06-A16E-2B3AD852F585}"
EndProject
Project("{FAE04EC0-301F-11D3-BF4B-00C04F79EFBC}") = "CalculatorApp", "CalculatorApp\CalculatorApp.csproj", "{843D9FA9-356A-4532-B057-D50F57B1A953}"
EndProject
Project("{FAE04EC0-301F-11D3-BF4B-00C04F79EFBC}") = "SistemBank", "SistemBank\SistemBank.csproj", "{F8AE0C0A-DCFF-4F7C-9E9D-396116C128E3}"
EndProject
Project("{FAE04EC0-301F-11D3-BF4B-00C04F79EFBC}") = "Encapulation", "Encapulation\Encapulation.csproj", "{AF9FEA70-F77C-4F00-8DD2-0DB2F6126311}"
EndProject
Project("{FAE04EC0-301F-11D3-BF4B-00C04F79EFBC}") = "Inheritance", "Inheritance\Inheritance.csproj", "{8D883882-9050-4675-98A4-6DEB71C061FE}"
EndProject
Global
	GlobalSection(SolutionConfigurationPlatforms) = preSolution
		Debug|Any CPU = Debug|Any CPU
		Debug|x64 = Debug|x64
		Debug|x86 = Debug|x86
		Release|Any CPU = Release|Any CPU
		Release|x64 = Release|x64
		Release|x86 = Release|x86
	EndGlobalSection
	GlobalSection(ProjectConfigurationPlatforms) = postSolution
		{931794E7-D52B-4C54-A805-313A69CEC915}.Debug|Any CPU.ActiveCfg = Debug|Any CPU
		{931794E7-D52B-4C54-A805-313A69CEC915}.Debug|Any CPU.Build.0 = Debug|Any CPU
		{931794E7-D52B-4C54-A805-313A69CEC915}.Debug|x64.ActiveCfg = Debug|Any CPU
		{931794E7-D52B-4C54-A805-313A69CEC915}.Debug|x64.Build.0 = Debug|Any CPU
		{931794E7-D52B-4C54-A805-313A69CEC915}.Debug|x86.ActiveCfg = Debug|Any CPU
		{931794E7-D52B-4C54-A805-313A69CEC915}.Debug|x86.Build.0 = Debug|Any CPU
		{931794E7-D52B-4C54-A805-313A69CEC915}.Release|Any CPU.ActiveCfg = Release|Any CPU
		{931794E7-D52B-4C54-A805-313A69CEC915}.Release|Any CPU.Build.0 = Release|Any CPU
		{931794E7-D52B-4C54-A805-313A69CEC915}.Release|x64.ActiveCfg = Release|Any CPU
		{931794E7-D52B-4C54-A805-313A69CEC915}.Release|x64.Build.0 = Release|Any CPU
		{931794E7-D52B-4C54-A805-313A69CEC915}.Release|x86.ActiveCfg = Release|Any CPU
		{931794E7-D52B-4C54-A805-313A69CEC915}.Release|x86.Build.0 = Release|Any CPU
		{CF9B52B4-6CF7-4E06-A16E-2B3AD852F585}.Debug|Any CPU.ActiveCfg = Debug|Any CPU
		{CF9B52B4-6CF7-4E06-A16E-2B3AD852F585}.Debug|Any CPU.Build.0 = Debug|Any CPU
		{CF9B52B4-6CF7-4E06-A16E-2B3AD852F585}.Debug|x64.ActiveCfg = Debug|Any CPU
		{CF9B52B4-6CF7-4E06-A16E-2B3AD852F585}.Debug|x64.Build.0 = Debug|Any CPU
		{CF9B52B4-6CF7-4E06-A16E-2B3AD852F585}.Debug|x86.ActiveCfg = Debug|Any CPU
		{CF9B52B4-6CF7-4E06-A16E-2B3AD852F585}.Debug|x86.Build.0 = Debug|Any CPU
		{CF9B52B4-6CF7-4E06-A16E-2B3AD852F585}.Release|Any CPU.ActiveCfg = Release|Any CPU
		{CF9B52B4-6CF7-4E06-A16E-2B3AD852F585}.Release|Any CPU.Build.0 = Release|Any CPU
		{CF9B52B4-6CF7-4E06-A16E-2B3AD852F585}.Release|x64.ActiveCfg = Release|Any CPU
		{CF9B52B4-6CF7-4E06-A16E-2B3AD852F585}.Release|x64.Build.0 = Release|Any CPU
		{CF9B52B4-6CF7-4E06-A16E-2B3AD852F585}.Release|x86.ActiveCfg = Release|Any CPU
		{CF9B52B4-6CF7-4E06-A16E-2B3AD852F585}.Release|x86.Build.0 = Release|Any CPU
		{843D9FA9-356A-4532-B057-D50F57B1A953}.Debug|Any CPU.ActiveCfg = Debug|Any CPU
		{843D9FA9-356A-4532-B057-D50F57B1A953}.Debug|Any CPU.Build.0 = Debug|Any CPU
		{843D9FA9-356A-4532-B057-D50F57B1A953}.Debug|x64.ActiveCfg = Debug|Any CPU
		{843D9FA9-356A-4532-B057-D50F57B1A953}.Debug|x64.Build.0 = Debug|Any CPU
		{843D9FA9-356A-4532-B057-D50F57B1A953}.Debug|x86.ActiveCfg = Debug|Any CPU
		{843D9FA9-356A-4532-B057-D50F57B1A953}.Debug|x86.Build.0 = Debug|Any CPU
		{843D9FA9-356A-4532-B057-D50F57B1A953}.Release|Any CPU.ActiveCfg = Release|Any CPU
		{843D9FA9-356A-4532-B057-D50F57B1A953}.Release|Any CPU.Build.0 = Release|Any CPU
		{843D9FA9-356A-4532-B057-D50F57B1A953}.Release|x64.ActiveCfg = Release|Any CPU
		{843D9FA9-356A-4532-B057-D50F57B1A953}.Release|x64.Build.0 = Release|Any CPU
		{843D9FA9-356A-4532-B057-D50F57B1A953}.Release|x86.ActiveCfg = Release|Any CPU
		{843D9FA9-356A-4532-B057-D50F57B1A953}.Release|x86.Build.0 = Release|Any CPU
		{F8AE0C0A-DCFF-4F7C-9E9D-396116C128E3}.Debug|Any CPU.ActiveCfg = Debug|Any CPU
		{F8AE0C0A-DCFF-4F7C-9E9D-396116C128E3}.Debug|Any CPU.Build.0 = Debug|Any CPU
		{F8AE0C0A-DCFF-4F7C-9E9D-396116C128E3}.Debug|x64.ActiveCfg = Debug|Any CPU
		{F8AE0C0A-DCFF-4F7C-9E9D-396116C128E3}.Debug|x64.Build.0 = Debug|Any CPU
		{F8AE0C0A-DCFF-4F7C-9E9D-396116C128E3}.Debug|x86.ActiveCfg = Debug|Any CPU
		{F8AE0C0A-DCFF-4F7C-9E9D-396116C128E3}.Debug|x86.Build.0 = Debug|Any CPU
		{F8AE0C0A-DCFF-4F7C-9E9D-396116C128E3}.Release|Any CPU.ActiveCfg = Release|Any CPU
		{F8AE0C0A-DCFF-4F7C-9E9D-396116C128E3}.Release|Any CPU.Build.0 = Release|Any CPU
		{F8AE0C0A-DCFF-4F7C-9E9D-396116C128E3}.Release|x64.ActiveCfg = Release|Any CPU
		{F8AE0C0A-DCFF-4F7C-9E9D-396116C128E3}.Release|x64.Build.0 = Release|Any CPU
		{F8AE0C0A-DCFF-4F7C-9E9D-396116C128E3}.Release|x86.ActiveCfg = Release|Any CPU
		{F8AE0C0A-DCFF-4F7C-9E9D-396116C128E3}.Release|x86.Build.0 = Release|Any CPU
		{AF9FEA70-F77C-4F00-8DD2-0DB2F6126311}.Debug|Any CPU.ActiveCfg = Debug|Any CPU
		{AF9FEA70-F77C-4F00-8DD2-0DB2F6126311}.Debug|Any CPU.Build.0 = Debug|Any CPU
		{AF9FEA70-F77C-4F00-8DD2-0DB2F6126311}.Debug|x64.ActiveCfg = Debug|Any CPU
		{AF9FEA70-F77C-4F00-8DD2-0DB2F6126311}.Debug|x64.Build.0 = Debug|Any CPU
		{AF9FEA70-F77C-4F00-8DD2-0DB2F6126311}.Debug|x86.ActiveCfg = Debug|Any CPU
		{AF9FEA70-F77C-4F00-8DD2-0DB2F6126311}.Debug|x86.Build.0 = Debug|Any CPU
		{AF9FEA70-F77C-4F00-8DD2-0DB2F6126311}.Release|Any CPU.ActiveCfg = Release|Any CPU
		{AF9FEA70-F77C-4F00-8DD2-0DB2F6126311}.Release|Any CPU.Build.0 = Release|Any CPU
		{AF9FEA70-F77C-4F00-8DD2-0DB2F6126311}.Release|x64.ActiveCfg = Release|Any CPU
		{AF9FEA70-F77C-4F00-8DD2-0DB2F6126311}.Release|x64.Build.0 = Release|Any CPU
		{AF9FEA70-F77C-4F00-8DD2-0DB2F6126311}.Release|x86.ActiveCfg = Release|Any CPU
		{AF9FEA70-F77C-4F00-8DD2-0DB2F6126311}.Release|x86.Build.0 = Release|Any CPU
		{8D883882-9050-4675-98A4-6DEB71C061FE}.Debug|Any CPU.ActiveCfg = Debug|Any CPU
		{8D883882-9050-4675-98A4-6DEB71C061FE}.Debug|Any CPU.Build.0 = Debug|Any CPU
		{8D883882-9050-4675-98A4-6DEB71C061FE}.Debug|x64.ActiveCfg = Debug|Any CPU
		{8D883882-9050-4675-98A4-6DEB71C061FE}.Debug|x64.Build.0 = Debug|Any CPU
		{8D883882-9050-4675-98A4-6DEB71C061FE}.Debug|x86.ActiveCfg = Debug|Any CPU
		{8D883882-9050-4675-98A4-6DEB71C061FE}.Debug|x86.Build.0 = Debug|Any CPU
		{8D883882-9050-4675-98A4-6DEB71C061FE}.Release|Any CPU.ActiveCfg = Release|Any CPU
		{8D883882-9050-4675-98A4-6DEB71C061FE}.Release|Any CPU.Build.0 = Release|Any CPU
		{8D883882-9050-4675-98A4-6DEB71C061FE}.Release|x64.ActiveCfg = Release|Any CPU
		{8D883882-9050-4675-98A4-6DEB71C061FE}.Release|x64.Build.0 = Release|Any CPU
		{8D883882-9050-4675-98A4-6DEB71C061FE}.Release|x86.ActiveCfg = Release|Any CPU
		{8D883882-9050-4675-98A4-6DEB71C061FE}.Release|x86.Build.0 = Release|Any CPU
	EndGlobalSection
	GlobalSection(SolutionProperties) = preSolution
		HideSolutionNode = FALSE
	EndGlobalSection
EndGlobal
